
Microsoft Visual Studio Solution File, Format Version 12.00
# Visual Studio Version 16
VisualStudioVersion = 16.0.30011.22
MinimumVisualStudioVersion = 10.0.40219.1
Project("{2150E333-8FDC-42A3-9474-1A3956D46DE8}") = "thirdparty", "thirdparty", "{DA4CBFCC-395C-4C21-8441-31FB0738E054}"
EndProject
Project("{FAE04EC0-301F-11D3-BF4B-00C04F79EFBC}") = "MltdInfoViewer", "MltdInfoViewer\MltdInfoViewer.csproj", "{4D854645-4E3C-4235-85B1-65EBCD235697}"
EndProject
Project("{2150E333-8FDC-42A3-9474-1A3956D46DE8}") = "Solution Items", "Solution Items", "{9D3E097E-CE61-48FE-8183-DD79CCB6081E}"
	ProjectSection(SolutionItems) = preProject
		..\.gitignore = ..\.gitignore
		..\.gitmodules = ..\.gitmodules
		..\appveyor.yml = ..\appveyor.yml
		..\LICENSE.txt = ..\LICENSE.txt
		..\README.md = ..\README.md
	EndProjectSection
EndProject
Project("{FAE04EC0-301F-11D3-BF4B-00C04F79EFBC}") = "DereTore.Exchange.Archive.ACB", "..\thirdparty\DereTore\Exchange\DereTore.Exchange.Archive.ACB\DereTore.Exchange.Archive.ACB.csproj", "{EECF4BAA-9C9E-4687-A616-0F5C65C5F14B}"
EndProject
Project("{FAE04EC0-301F-11D3-BF4B-00C04F79EFBC}") = "DereTore.Common", "..\thirdparty\DereTore\Common\DereTore.Common\DereTore.Common.csproj", "{DBD0DA4A-0057-4D04-AD69-0E7267D72793}"
EndProject
Project("{2150E333-8FDC-42A3-9474-1A3956D46DE8}") = "src", "src", "{3ED8CB94-F888-4777-9DA1-B37FB40E0254}"
EndProject
Project("{FAE04EC0-301F-11D3-BF4B-00C04F79EFBC}") = "AcbPack", "AcbPack\AcbPack.csproj", "{20A50E38-1013-41C9-9FE9-3D390DACAB90}"
EndProject
Project("{FAE04EC0-301F-11D3-BF4B-00C04F79EFBC}") = "DereTore.Exchange.Audio.HCA", "..\thirdparty\DereTore\Exchange\DereTore.Exchange.Audio.HCA\DereTore.Exchange.Audio.HCA.csproj", "{7C6FADD7-A0BB-4BF3-8992-3D89ACE1CC69}"
EndProject
Project("{FAE04EC0-301F-11D3-BF4B-00C04F79EFBC}") = "DereTore.Common.StarlightStage", "..\thirdparty\DereTore\Common\DereTore.Common.StarlightStage\DereTore.Common.StarlightStage.csproj", "{ABD7F1B5-C4E3-4200-8E44-98B183DFEE2C}"
EndProject
Project("{FAE04EC0-301F-11D3-BF4B-00C04F79EFBC}") = "HcaDec", "HcaDec\HcaDec.csproj", "{3EDDA55A-573C-4855-B2C6-3D4E0A122E24}"
EndProject
Project("{FAE04EC0-301F-11D3-BF4B-00C04F79EFBC}") = "MiriTore.Common", "MiriTore.Common\MiriTore.Common.csproj", "{906E225D-7C75-4836-BC90-350547238F4E}"
EndProject
Project("{FAE04EC0-301F-11D3-BF4B-00C04F79EFBC}") = "MiriTore.Logging", "MiriTore.Logging\MiriTore.Logging.csproj", "{EC1E2F06-5AF6-42E8-9161-E5B26CEF2C63}"
EndProject
Project("{FAE04EC0-301F-11D3-BF4B-00C04F79EFBC}") = "MillionDance", "MillionDance\MillionDance.csproj", "{8A36E44E-4CF7-48A6-874C-FC770D02D874}"
EndProject
Project("{FAE04EC0-301F-11D3-BF4B-00C04F79EFBC}") = "MillionDanceView", "MillionDanceView\MillionDanceView.csproj", "{A2039EB5-47FF-475E-A2D8-D72AB85099D5}"
EndProject
Project("{FAE04EC0-301F-11D3-BF4B-00C04F79EFBC}") = "TDFacial", "TDFacial\TDFacial.csproj", "{E3565F75-FCFD-4518-9D18-9D1DCB682DEE}"
EndProject
Project("{2150E333-8FDC-42A3-9474-1A3956D46DE8}") = "scripts", "scripts", "{A378E499-7414-4366-B3FF-E2267D704E13}"
	ProjectSection(SolutionItems) = preProject
		..\scripts\nuget_restore.ps1 = ..\scripts\nuget_restore.ps1
		..\scripts\pack_artifacts.ps1 = ..\scripts\pack_artifacts.ps1
		..\scripts\install.ps1 = ..\scripts\install.ps1
	EndProjectSection
EndProject
Project("{FAE04EC0-301F-11D3-BF4B-00C04F79EFBC}") = "AssetStudio", "..\thirdparty\AssetStudio\AssetStudio\AssetStudio.csproj", "{7662F8C2-7BFD-442E-A948-A43B4F7EB06E}"
EndProject
Project("{FAE04EC0-301F-11D3-BF4B-00C04F79EFBC}") = "AssetStudio.Extended", "AssetStudio.Extended\AssetStudio.Extended.csproj", "{0CB033E8-FA03-4349-8CE0-30A996036CD9}"
EndProject
Project("{FAE04EC0-301F-11D3-BF4B-00C04F79EFBC}") = "AssetStudio.Extended.MonoBehaviours", "AssetStudio.Extended.MonoBehaviours\AssetStudio.Extended.MonoBehaviours.csproj", "{45AE5ED2-589B-422B-98F7-48050B3CE3B8}"
EndProject
Project("{FAE04EC0-301F-11D3-BF4B-00C04F79EFBC}") = "AssetStudio.Extended.CompositeModels", "AssetStudio.Extended.CompositeModels\AssetStudio.Extended.CompositeModels.csproj", "{A6D3FFB6-4148-476A-AE9A-BD78F76DBBAD}"
EndProject
Project("{FAE04EC0-301F-11D3-BF4B-00C04F79EFBC}") = "ManifestTools", "ManifestTools\ManifestTools.csproj", "{62AFF6D3-6D93-4D2E-A412-A3E08D2E269D}"
EndProject
Project("{FAE04EC0-301F-11D3-BF4B-00C04F79EFBC}") = "Imas.Data.Serialized", "Imas.Data.Serialized\Imas.Data.Serialized.csproj", "{3E816E61-9809-4B77-92D9-4AD891EAEAA3}"
EndProject
Project("{FAE04EC0-301F-11D3-BF4B-00C04F79EFBC}") = "AssetStudioUtility", "..\thirdparty\AssetStudio\AssetStudioUtility\AssetStudioUtility.csproj", "{80AEC261-21EE-4E4F-A93B-7A744DC84888}"
EndProject
Project("{8BC9CEB8-8B4A-11D0-8D11-00A0C91BC942}") = "AssetStudioFBX", "..\thirdparty\AssetStudio\AssetStudioFBX\AssetStudioFBX.vcxproj", "{B82DD1BA-4EEC-4F29-A686-03D7F0DF39B8}"
EndProject
Project("{8BC9CEB8-8B4A-11D0-8D11-00A0C91BC942}") = "Texture2DDecoder", "..\thirdparty\AssetStudio\Texture2DDecoder\Texture2DDecoder.vcxproj", "{BEC7B5E6-0A7B-4824-97A7-EEA04D9EBA29}"
EndProject
Project("{FAE04EC0-301F-11D3-BF4B-00C04F79EFBC}") = "DereTore.Interop.OS", "..\thirdparty\DereTore\Interop\DereTore.Interop.OS\DereTore.Interop.OS.csproj", "{3A0D1281-A503-4E5D-9765-D7BF56F89266}"
EndProject
Project("{FAE04EC0-301F-11D3-BF4B-00C04F79EFBC}") = "MiriTore.Database", "MiriTore.Database\MiriTore.Database.csproj", "{264CE110-658D-435E-BBF0-BBC665060E91}"
EndProject
Project("{FAE04EC0-301F-11D3-BF4B-00C04F79EFBC}") = "ExtractAcb", "ExtractAcb\ExtractAcb.csproj", "{1AAD2F27-8AF5-47DD-A9FB-09F229D07513}"
EndProject
Global
	GlobalSection(SolutionConfigurationPlatforms) = preSolution
		Debug|Any CPU = Debug|Any CPU
		Debug|x64 = Debug|x64
		Debug|x86 = Debug|x86
		Release|Any CPU = Release|Any CPU
		Release|x64 = Release|x64
		Release|x86 = Release|x86
	EndGlobalSection
	GlobalSection(ProjectConfigurationPlatforms) = postSolution
		{4D854645-4E3C-4235-85B1-65EBCD235697}.Debug|Any CPU.ActiveCfg = Debug|Any CPU
		{4D854645-4E3C-4235-85B1-65EBCD235697}.Debug|Any CPU.Build.0 = Debug|Any CPU
		{4D854645-4E3C-4235-85B1-65EBCD235697}.Debug|x64.ActiveCfg = Debug|Any CPU
		{4D854645-4E3C-4235-85B1-65EBCD235697}.Debug|x64.Build.0 = Debug|Any CPU
		{4D854645-4E3C-4235-85B1-65EBCD235697}.Debug|x86.ActiveCfg = Debug|Any CPU
		{4D854645-4E3C-4235-85B1-65EBCD235697}.Debug|x86.Build.0 = Debug|Any CPU
		{4D854645-4E3C-4235-85B1-65EBCD235697}.Release|Any CPU.ActiveCfg = Release|Any CPU
		{4D854645-4E3C-4235-85B1-65EBCD235697}.Release|Any CPU.Build.0 = Release|Any CPU
		{4D854645-4E3C-4235-85B1-65EBCD235697}.Release|x64.ActiveCfg = Release|Any CPU
		{4D854645-4E3C-4235-85B1-65EBCD235697}.Release|x64.Build.0 = Release|Any CPU
		{4D854645-4E3C-4235-85B1-65EBCD235697}.Release|x86.ActiveCfg = Release|Any CPU
		{4D854645-4E3C-4235-85B1-65EBCD235697}.Release|x86.Build.0 = Release|Any CPU
		{20A50E38-1013-41C9-9FE9-3D390DACAB90}.Debug|Any CPU.ActiveCfg = Debug|Any CPU
		{20A50E38-1013-41C9-9FE9-3D390DACAB90}.Debug|Any CPU.Build.0 = Debug|Any CPU
		{20A50E38-1013-41C9-9FE9-3D390DACAB90}.Debug|x64.ActiveCfg = Debug|Any CPU
		{20A50E38-1013-41C9-9FE9-3D390DACAB90}.Debug|x64.Build.0 = Debug|Any CPU
		{20A50E38-1013-41C9-9FE9-3D390DACAB90}.Debug|x86.ActiveCfg = Debug|x86
		{20A50E38-1013-41C9-9FE9-3D390DACAB90}.Debug|x86.Build.0 = Debug|x86
		{20A50E38-1013-41C9-9FE9-3D390DACAB90}.Release|Any CPU.ActiveCfg = Release|Any CPU
		{20A50E38-1013-41C9-9FE9-3D390DACAB90}.Release|Any CPU.Build.0 = Release|Any CPU
		{20A50E38-1013-41C9-9FE9-3D390DACAB90}.Release|x64.ActiveCfg = Release|Any CPU
		{20A50E38-1013-41C9-9FE9-3D390DACAB90}.Release|x64.Build.0 = Release|Any CPU
		{20A50E38-1013-41C9-9FE9-3D390DACAB90}.Release|x86.ActiveCfg = Release|x86
		{20A50E38-1013-41C9-9FE9-3D390DACAB90}.Release|x86.Build.0 = Release|x86
		{3EDDA55A-573C-4855-B2C6-3D4E0A122E24}.Debug|Any CPU.ActiveCfg = Debug|Any CPU
		{3EDDA55A-573C-4855-B2C6-3D4E0A122E24}.Debug|Any CPU.Build.0 = Debug|Any CPU
		{3EDDA55A-573C-4855-B2C6-3D4E0A122E24}.Debug|x64.ActiveCfg = Debug|Any CPU
		{3EDDA55A-573C-4855-B2C6-3D4E0A122E24}.Debug|x64.Build.0 = Debug|Any CPU
		{3EDDA55A-573C-4855-B2C6-3D4E0A122E24}.Debug|x86.ActiveCfg = Debug|Any CPU
		{3EDDA55A-573C-4855-B2C6-3D4E0A122E24}.Debug|x86.Build.0 = Debug|Any CPU
		{3EDDA55A-573C-4855-B2C6-3D4E0A122E24}.Release|Any CPU.ActiveCfg = Release|Any CPU
		{3EDDA55A-573C-4855-B2C6-3D4E0A122E24}.Release|Any CPU.Build.0 = Release|Any CPU
		{3EDDA55A-573C-4855-B2C6-3D4E0A122E24}.Release|x64.ActiveCfg = Release|Any CPU
		{3EDDA55A-573C-4855-B2C6-3D4E0A122E24}.Release|x64.Build.0 = Release|Any CPU
		{3EDDA55A-573C-4855-B2C6-3D4E0A122E24}.Release|x86.ActiveCfg = Release|Any CPU
		{3EDDA55A-573C-4855-B2C6-3D4E0A122E24}.Release|x86.Build.0 = Release|Any CPU
		{906E225D-7C75-4836-BC90-350547238F4E}.Debug|Any CPU.ActiveCfg = Debug|Any CPU
		{906E225D-7C75-4836-BC90-350547238F4E}.Debug|Any CPU.Build.0 = Debug|Any CPU
		{906E225D-7C75-4836-BC90-350547238F4E}.Debug|x64.ActiveCfg = Debug|Any CPU
		{906E225D-7C75-4836-BC90-350547238F4E}.Debug|x64.Build.0 = Debug|Any CPU
		{906E225D-7C75-4836-BC90-350547238F4E}.Debug|x86.ActiveCfg = Debug|Any CPU
		{906E225D-7C75-4836-BC90-350547238F4E}.Debug|x86.Build.0 = Debug|Any CPU
		{906E225D-7C75-4836-BC90-350547238F4E}.Release|Any CPU.ActiveCfg = Release|Any CPU
		{906E225D-7C75-4836-BC90-350547238F4E}.Release|Any CPU.Build.0 = Release|Any CPU
		{906E225D-7C75-4836-BC90-350547238F4E}.Release|x64.ActiveCfg = Release|Any CPU
		{906E225D-7C75-4836-BC90-350547238F4E}.Release|x64.Build.0 = Release|Any CPU
		{906E225D-7C75-4836-BC90-350547238F4E}.Release|x86.ActiveCfg = Release|Any CPU
		{906E225D-7C75-4836-BC90-350547238F4E}.Release|x86.Build.0 = Release|Any CPU
		{EC1E2F06-5AF6-42E8-9161-E5B26CEF2C63}.Debug|Any CPU.ActiveCfg = Debug|Any CPU
		{EC1E2F06-5AF6-42E8-9161-E5B26CEF2C63}.Debug|Any CPU.Build.0 = Debug|Any CPU
		{EC1E2F06-5AF6-42E8-9161-E5B26CEF2C63}.Debug|x64.ActiveCfg = Debug|Any CPU
		{EC1E2F06-5AF6-42E8-9161-E5B26CEF2C63}.Debug|x64.Build.0 = Debug|Any CPU
		{EC1E2F06-5AF6-42E8-9161-E5B26CEF2C63}.Debug|x86.ActiveCfg = Debug|Any CPU
		{EC1E2F06-5AF6-42E8-9161-E5B26CEF2C63}.Debug|x86.Build.0 = Debug|Any CPU
		{EC1E2F06-5AF6-42E8-9161-E5B26CEF2C63}.Release|Any CPU.ActiveCfg = Release|Any CPU
		{EC1E2F06-5AF6-42E8-9161-E5B26CEF2C63}.Release|Any CPU.Build.0 = Release|Any CPU
		{EC1E2F06-5AF6-42E8-9161-E5B26CEF2C63}.Release|x64.ActiveCfg = Release|Any CPU
		{EC1E2F06-5AF6-42E8-9161-E5B26CEF2C63}.Release|x64.Build.0 = Release|Any CPU
		{EC1E2F06-5AF6-42E8-9161-E5B26CEF2C63}.Release|x86.ActiveCfg = Release|Any CPU
		{EC1E2F06-5AF6-42E8-9161-E5B26CEF2C63}.Release|x86.Build.0 = Release|Any CPU
		{8A36E44E-4CF7-48A6-874C-FC770D02D874}.Debug|Any CPU.ActiveCfg = Debug|x86
		{8A36E44E-4CF7-48A6-874C-FC770D02D874}.Debug|Any CPU.Build.0 = Debug|x86
		{8A36E44E-4CF7-48A6-874C-FC770D02D874}.Debug|x64.ActiveCfg = Debug|x86
		{8A36E44E-4CF7-48A6-874C-FC770D02D874}.Debug|x86.ActiveCfg = Debug|x86
		{8A36E44E-4CF7-48A6-874C-FC770D02D874}.Debug|x86.Build.0 = Debug|x86
		{8A36E44E-4CF7-48A6-874C-FC770D02D874}.Release|Any CPU.ActiveCfg = Release|x86
		{8A36E44E-4CF7-48A6-874C-FC770D02D874}.Release|Any CPU.Build.0 = Release|x86
		{8A36E44E-4CF7-48A6-874C-FC770D02D874}.Release|x64.ActiveCfg = Release|x86
		{8A36E44E-4CF7-48A6-874C-FC770D02D874}.Release|x86.ActiveCfg = Release|x86
		{8A36E44E-4CF7-48A6-874C-FC770D02D874}.Release|x86.Build.0 = Release|x86
		{A2039EB5-47FF-475E-A2D8-D72AB85099D5}.Debug|Any CPU.ActiveCfg = Debug|Any CPU
		{A2039EB5-47FF-475E-A2D8-D72AB85099D5}.Debug|Any CPU.Build.0 = Debug|Any CPU
		{A2039EB5-47FF-475E-A2D8-D72AB85099D5}.Debug|x64.ActiveCfg = Debug|Any CPU
		{A2039EB5-47FF-475E-A2D8-D72AB85099D5}.Debug|x64.Build.0 = Debug|Any CPU
		{A2039EB5-47FF-475E-A2D8-D72AB85099D5}.Debug|x86.ActiveCfg = Debug|Any CPU
		{A2039EB5-47FF-475E-A2D8-D72AB85099D5}.Debug|x86.Build.0 = Debug|Any CPU
		{A2039EB5-47FF-475E-A2D8-D72AB85099D5}.Release|Any CPU.ActiveCfg = Release|Any CPU
		{A2039EB5-47FF-475E-A2D8-D72AB85099D5}.Release|Any CPU.Build.0 = Release|Any CPU
		{A2039EB5-47FF-475E-A2D8-D72AB85099D5}.Release|x64.ActiveCfg = Release|Any CPU
		{A2039EB5-47FF-475E-A2D8-D72AB85099D5}.Release|x64.Build.0 = Release|Any CPU
		{A2039EB5-47FF-475E-A2D8-D72AB85099D5}.Release|x86.ActiveCfg = Release|Any CPU
		{A2039EB5-47FF-475E-A2D8-D72AB85099D5}.Release|x86.Build.0 = Release|Any CPU
		{E3565F75-FCFD-4518-9D18-9D1DCB682DEE}.Debug|Any CPU.ActiveCfg = Debug|Any CPU
		{E3565F75-FCFD-4518-9D18-9D1DCB682DEE}.Debug|Any CPU.Build.0 = Debug|Any CPU
		{E3565F75-FCFD-4518-9D18-9D1DCB682DEE}.Debug|x64.ActiveCfg = Debug|Any CPU
		{E3565F75-FCFD-4518-9D18-9D1DCB682DEE}.Debug|x64.Build.0 = Debug|Any CPU
		{E3565F75-FCFD-4518-9D18-9D1DCB682DEE}.Debug|x86.ActiveCfg = Debug|Any CPU
		{E3565F75-FCFD-4518-9D18-9D1DCB682DEE}.Debug|x86.Build.0 = Debug|Any CPU
		{E3565F75-FCFD-4518-9D18-9D1DCB682DEE}.Release|Any CPU.ActiveCfg = Release|Any CPU
		{E3565F75-FCFD-4518-9D18-9D1DCB682DEE}.Release|Any CPU.Build.0 = Release|Any CPU
		{E3565F75-FCFD-4518-9D18-9D1DCB682DEE}.Release|x64.ActiveCfg = Release|Any CPU
		{E3565F75-FCFD-4518-9D18-9D1DCB682DEE}.Release|x64.Build.0 = Release|Any CPU
		{E3565F75-FCFD-4518-9D18-9D1DCB682DEE}.Release|x86.ActiveCfg = Release|Any CPU
		{E3565F75-FCFD-4518-9D18-9D1DCB682DEE}.Release|x86.Build.0 = Release|Any CPU
		{7662F8C2-7BFD-442E-A948-A43B4F7EB06E}.Debug|Any CPU.ActiveCfg = Debug|Any CPU
		{7662F8C2-7BFD-442E-A948-A43B4F7EB06E}.Debug|Any CPU.Build.0 = Debug|Any CPU
		{7662F8C2-7BFD-442E-A948-A43B4F7EB06E}.Debug|x64.ActiveCfg = Debug|Any CPU
		{7662F8C2-7BFD-442E-A948-A43B4F7EB06E}.Debug|x64.Build.0 = Debug|Any CPU
		{7662F8C2-7BFD-442E-A948-A43B4F7EB06E}.Debug|x86.ActiveCfg = Debug|Any CPU
		{7662F8C2-7BFD-442E-A948-A43B4F7EB06E}.Debug|x86.Build.0 = Debug|Any CPU
		{7662F8C2-7BFD-442E-A948-A43B4F7EB06E}.Release|Any CPU.ActiveCfg = Release|Any CPU
		{7662F8C2-7BFD-442E-A948-A43B4F7EB06E}.Release|Any CPU.Build.0 = Release|Any CPU
		{7662F8C2-7BFD-442E-A948-A43B4F7EB06E}.Release|x64.ActiveCfg = Release|Any CPU
		{7662F8C2-7BFD-442E-A948-A43B4F7EB06E}.Release|x64.Build.0 = Release|Any CPU
		{7662F8C2-7BFD-442E-A948-A43B4F7EB06E}.Release|x86.ActiveCfg = Release|Any CPU
		{7662F8C2-7BFD-442E-A948-A43B4F7EB06E}.Release|x86.Build.0 = Release|Any CPU
		{0CB033E8-FA03-4349-8CE0-30A996036CD9}.Debug|Any CPU.ActiveCfg = Debug|Any CPU
		{0CB033E8-FA03-4349-8CE0-30A996036CD9}.Debug|Any CPU.Build.0 = Debug|Any CPU
		{0CB033E8-FA03-4349-8CE0-30A996036CD9}.Debug|x64.ActiveCfg = Debug|Any CPU
		{0CB033E8-FA03-4349-8CE0-30A996036CD9}.Debug|x64.Build.0 = Debug|Any CPU
		{0CB033E8-FA03-4349-8CE0-30A996036CD9}.Debug|x86.ActiveCfg = Debug|Any CPU
		{0CB033E8-FA03-4349-8CE0-30A996036CD9}.Debug|x86.Build.0 = Debug|Any CPU
		{0CB033E8-FA03-4349-8CE0-30A996036CD9}.Release|Any CPU.ActiveCfg = Release|Any CPU
		{0CB033E8-FA03-4349-8CE0-30A996036CD9}.Release|Any CPU.Build.0 = Release|Any CPU
		{0CB033E8-FA03-4349-8CE0-30A996036CD9}.Release|x64.ActiveCfg = Release|Any CPU
		{0CB033E8-FA03-4349-8CE0-30A996036CD9}.Release|x64.Build.0 = Release|Any CPU
		{0CB033E8-FA03-4349-8CE0-30A996036CD9}.Release|x86.ActiveCfg = Release|Any CPU
		{0CB033E8-FA03-4349-8CE0-30A996036CD9}.Release|x86.Build.0 = Release|Any CPU
		{45AE5ED2-589B-422B-98F7-48050B3CE3B8}.Debug|Any CPU.ActiveCfg = Debug|Any CPU
		{45AE5ED2-589B-422B-98F7-48050B3CE3B8}.Debug|Any CPU.Build.0 = Debug|Any CPU
		{45AE5ED2-589B-422B-98F7-48050B3CE3B8}.Debug|x64.ActiveCfg = Debug|Any CPU
		{45AE5ED2-589B-422B-98F7-48050B3CE3B8}.Debug|x64.Build.0 = Debug|Any CPU
		{45AE5ED2-589B-422B-98F7-48050B3CE3B8}.Debug|x86.ActiveCfg = Debug|Any CPU
		{45AE5ED2-589B-422B-98F7-48050B3CE3B8}.Debug|x86.Build.0 = Debug|Any CPU
		{45AE5ED2-589B-422B-98F7-48050B3CE3B8}.Release|Any CPU.ActiveCfg = Release|Any CPU
		{45AE5ED2-589B-422B-98F7-48050B3CE3B8}.Release|Any CPU.Build.0 = Release|Any CPU
		{45AE5ED2-589B-422B-98F7-48050B3CE3B8}.Release|x64.ActiveCfg = Release|Any CPU
		{45AE5ED2-589B-422B-98F7-48050B3CE3B8}.Release|x64.Build.0 = Release|Any CPU
		{45AE5ED2-589B-422B-98F7-48050B3CE3B8}.Release|x86.ActiveCfg = Release|Any CPU
		{45AE5ED2-589B-422B-98F7-48050B3CE3B8}.Release|x86.Build.0 = Release|Any CPU
		{A6D3FFB6-4148-476A-AE9A-BD78F76DBBAD}.Debug|Any CPU.ActiveCfg = Debug|Any CPU
		{A6D3FFB6-4148-476A-AE9A-BD78F76DBBAD}.Debug|Any CPU.Build.0 = Debug|Any CPU
		{A6D3FFB6-4148-476A-AE9A-BD78F76DBBAD}.Debug|x64.ActiveCfg = Debug|Any CPU
		{A6D3FFB6-4148-476A-AE9A-BD78F76DBBAD}.Debug|x64.Build.0 = Debug|Any CPU
		{A6D3FFB6-4148-476A-AE9A-BD78F76DBBAD}.Debug|x86.ActiveCfg = Debug|Any CPU
		{A6D3FFB6-4148-476A-AE9A-BD78F76DBBAD}.Debug|x86.Build.0 = Debug|Any CPU
		{A6D3FFB6-4148-476A-AE9A-BD78F76DBBAD}.Release|Any CPU.ActiveCfg = Release|Any CPU
		{A6D3FFB6-4148-476A-AE9A-BD78F76DBBAD}.Release|Any CPU.Build.0 = Release|Any CPU
		{A6D3FFB6-4148-476A-AE9A-BD78F76DBBAD}.Release|x64.ActiveCfg = Release|Any CPU
		{A6D3FFB6-4148-476A-AE9A-BD78F76DBBAD}.Release|x64.Build.0 = Release|Any CPU
		{A6D3FFB6-4148-476A-AE9A-BD78F76DBBAD}.Release|x86.ActiveCfg = Release|Any CPU
		{A6D3FFB6-4148-476A-AE9A-BD78F76DBBAD}.Release|x86.Build.0 = Release|Any CPU
		{62AFF6D3-6D93-4D2E-A412-A3E08D2E269D}.Debug|Any CPU.ActiveCfg = Debug|Any CPU
		{62AFF6D3-6D93-4D2E-A412-A3E08D2E269D}.Debug|Any CPU.Build.0 = Debug|Any CPU
		{62AFF6D3-6D93-4D2E-A412-A3E08D2E269D}.Debug|x64.ActiveCfg = Debug|Any CPU
		{62AFF6D3-6D93-4D2E-A412-A3E08D2E269D}.Debug|x64.Build.0 = Debug|Any CPU
		{62AFF6D3-6D93-4D2E-A412-A3E08D2E269D}.Debug|x86.ActiveCfg = Debug|Any CPU
		{62AFF6D3-6D93-4D2E-A412-A3E08D2E269D}.Debug|x86.Build.0 = Debug|Any CPU
		{62AFF6D3-6D93-4D2E-A412-A3E08D2E269D}.Release|Any CPU.ActiveCfg = Release|Any CPU
		{62AFF6D3-6D93-4D2E-A412-A3E08D2E269D}.Release|Any CPU.Build.0 = Release|Any CPU
		{62AFF6D3-6D93-4D2E-A412-A3E08D2E269D}.Release|x64.ActiveCfg = Release|Any CPU
		{62AFF6D3-6D93-4D2E-A412-A3E08D2E269D}.Release|x64.Build.0 = Release|Any CPU
		{62AFF6D3-6D93-4D2E-A412-A3E08D2E269D}.Release|x86.ActiveCfg = Release|Any CPU
		{62AFF6D3-6D93-4D2E-A412-A3E08D2E269D}.Release|x86.Build.0 = Release|Any CPU
		{3E816E61-9809-4B77-92D9-4AD891EAEAA3}.Debug|Any CPU.ActiveCfg = Debug|Any CPU
		{3E816E61-9809-4B77-92D9-4AD891EAEAA3}.Debug|Any CPU.Build.0 = Debug|Any CPU
		{3E816E61-9809-4B77-92D9-4AD891EAEAA3}.Debug|x64.ActiveCfg = Debug|Any CPU
		{3E816E61-9809-4B77-92D9-4AD891EAEAA3}.Debug|x64.Build.0 = Debug|Any CPU
		{3E816E61-9809-4B77-92D9-4AD891EAEAA3}.Debug|x86.ActiveCfg = Debug|Any CPU
		{3E816E61-9809-4B77-92D9-4AD891EAEAA3}.Debug|x86.Build.0 = Debug|Any CPU
		{3E816E61-9809-4B77-92D9-4AD891EAEAA3}.Release|Any CPU.ActiveCfg = Release|Any CPU
		{3E816E61-9809-4B77-92D9-4AD891EAEAA3}.Release|Any CPU.Build.0 = Release|Any CPU
		{3E816E61-9809-4B77-92D9-4AD891EAEAA3}.Release|x64.ActiveCfg = Release|Any CPU
		{3E816E61-9809-4B77-92D9-4AD891EAEAA3}.Release|x64.Build.0 = Release|Any CPU
		{3E816E61-9809-4B77-92D9-4AD891EAEAA3}.Release|x86.ActiveCfg = Release|Any CPU
		{3E816E61-9809-4B77-92D9-4AD891EAEAA3}.Release|x86.Build.0 = Release|Any CPU
		{80AEC261-21EE-4E4F-A93B-7A744DC84888}.Debug|Any CPU.ActiveCfg = Debug|x86
		{80AEC261-21EE-4E4F-A93B-7A744DC84888}.Debug|Any CPU.Build.0 = Debug|x86
		{80AEC261-21EE-4E4F-A93B-7A744DC84888}.Debug|x64.ActiveCfg = Debug|x64
		{80AEC261-21EE-4E4F-A93B-7A744DC84888}.Debug|x64.Build.0 = Debug|x64
		{80AEC261-21EE-4E4F-A93B-7A744DC84888}.Debug|x86.ActiveCfg = Debug|x86
		{80AEC261-21EE-4E4F-A93B-7A744DC84888}.Debug|x86.Build.0 = Debug|x86
		{80AEC261-21EE-4E4F-A93B-7A744DC84888}.Release|Any CPU.ActiveCfg = Release|x86
		{80AEC261-21EE-4E4F-A93B-7A744DC84888}.Release|Any CPU.Build.0 = Release|x86
		{80AEC261-21EE-4E4F-A93B-7A744DC84888}.Release|x64.ActiveCfg = Release|x64
		{80AEC261-21EE-4E4F-A93B-7A744DC84888}.Release|x64.Build.0 = Release|x64
		{80AEC261-21EE-4E4F-A93B-7A744DC84888}.Release|x86.ActiveCfg = Release|x86
		{80AEC261-21EE-4E4F-A93B-7A744DC84888}.Release|x86.Build.0 = Release|x86
		{B82DD1BA-4EEC-4F29-A686-03D7F0DF39B8}.Debug|Any CPU.ActiveCfg = Debug|Win32
		{B82DD1BA-4EEC-4F29-A686-03D7F0DF39B8}.Debug|Any CPU.Build.0 = Debug|Win32
		{B82DD1BA-4EEC-4F29-A686-03D7F0DF39B8}.Debug|x64.ActiveCfg = Debug|x64
		{B82DD1BA-4EEC-4F29-A686-03D7F0DF39B8}.Debug|x64.Build.0 = Debug|x64
		{B82DD1BA-4EEC-4F29-A686-03D7F0DF39B8}.Debug|x86.ActiveCfg = Debug|Win32
		{B82DD1BA-4EEC-4F29-A686-03D7F0DF39B8}.Debug|x86.Build.0 = Debug|Win32
		{B82DD1BA-4EEC-4F29-A686-03D7F0DF39B8}.Release|Any CPU.ActiveCfg = Release|Win32
		{B82DD1BA-4EEC-4F29-A686-03D7F0DF39B8}.Release|Any CPU.Build.0 = Release|Win32
		{B82DD1BA-4EEC-4F29-A686-03D7F0DF39B8}.Release|x64.ActiveCfg = Release|x64
		{B82DD1BA-4EEC-4F29-A686-03D7F0DF39B8}.Release|x64.Build.0 = Release|x64
		{B82DD1BA-4EEC-4F29-A686-03D7F0DF39B8}.Release|x86.ActiveCfg = Release|Win32
		{B82DD1BA-4EEC-4F29-A686-03D7F0DF39B8}.Release|x86.Build.0 = Release|Win32
		{BEC7B5E6-0A7B-4824-97A7-EEA04D9EBA29}.Debug|Any CPU.ActiveCfg = Debug|Win32
		{BEC7B5E6-0A7B-4824-97A7-EEA04D9EBA29}.Debug|Any CPU.Build.0 = Debug|Win32
		{BEC7B5E6-0A7B-4824-97A7-EEA04D9EBA29}.Debug|x64.ActiveCfg = Debug|x64
		{BEC7B5E6-0A7B-4824-97A7-EEA04D9EBA29}.Debug|x64.Build.0 = Debug|x64
		{BEC7B5E6-0A7B-4824-97A7-EEA04D9EBA29}.Debug|x86.ActiveCfg = Debug|Win32
		{BEC7B5E6-0A7B-4824-97A7-EEA04D9EBA29}.Debug|x86.Build.0 = Debug|Win32
		{BEC7B5E6-0A7B-4824-97A7-EEA04D9EBA29}.Release|Any CPU.ActiveCfg = Release|Win32
		{BEC7B5E6-0A7B-4824-97A7-EEA04D9EBA29}.Release|Any CPU.Build.0 = Release|Win32
		{BEC7B5E6-0A7B-4824-97A7-EEA04D9EBA29}.Release|x64.ActiveCfg = Release|x64
		{BEC7B5E6-0A7B-4824-97A7-EEA04D9EBA29}.Release|x64.Build.0 = Release|x64
		{BEC7B5E6-0A7B-4824-97A7-EEA04D9EBA29}.Release|x86.ActiveCfg = Release|Win32
		{BEC7B5E6-0A7B-4824-97A7-EEA04D9EBA29}.Release|x86.Build.0 = Release|Win32
		{DBD0DA4A-0057-4D04-AD69-0E7267D72793}.Debug|Any CPU.ActiveCfg = Debug|Any CPU
		{DBD0DA4A-0057-4D04-AD69-0E7267D72793}.Debug|Any CPU.Build.0 = Debug|Any CPU
		{DBD0DA4A-0057-4D04-AD69-0E7267D72793}.Debug|x64.ActiveCfg = Debug|Any CPU
		{DBD0DA4A-0057-4D04-AD69-0E7267D72793}.Debug|x64.Build.0 = Debug|Any CPU
		{DBD0DA4A-0057-4D04-AD69-0E7267D72793}.Debug|x86.ActiveCfg = Debug|Any CPU
		{DBD0DA4A-0057-4D04-AD69-0E7267D72793}.Debug|x86.Build.0 = Debug|Any CPU
		{DBD0DA4A-0057-4D04-AD69-0E7267D72793}.Release|Any CPU.ActiveCfg = Release|Any CPU
		{DBD0DA4A-0057-4D04-AD69-0E7267D72793}.Release|Any CPU.Build.0 = Release|Any CPU
		{DBD0DA4A-0057-4D04-AD69-0E7267D72793}.Release|x64.ActiveCfg = Release|Any CPU
		{DBD0DA4A-0057-4D04-AD69-0E7267D72793}.Release|x64.Build.0 = Release|Any CPU
		{DBD0DA4A-0057-4D04-AD69-0E7267D72793}.Release|x86.ActiveCfg = Release|Any CPU
		{DBD0DA4A-0057-4D04-AD69-0E7267D72793}.Release|x86.Build.0 = Release|Any CPU
		{ABD7F1B5-C4E3-4200-8E44-98B183DFEE2C}.Debug|Any CPU.ActiveCfg = Debug|Any CPU
		{ABD7F1B5-C4E3-4200-8E44-98B183DFEE2C}.Debug|Any CPU.Build.0 = Debug|Any CPU
		{ABD7F1B5-C4E3-4200-8E44-98B183DFEE2C}.Debug|x64.ActiveCfg = Debug|Any CPU
		{ABD7F1B5-C4E3-4200-8E44-98B183DFEE2C}.Debug|x64.Build.0 = Debug|Any CPU
		{ABD7F1B5-C4E3-4200-8E44-98B183DFEE2C}.Debug|x86.ActiveCfg = Debug|Any CPU
		{ABD7F1B5-C4E3-4200-8E44-98B183DFEE2C}.Debug|x86.Build.0 = Debug|Any CPU
		{ABD7F1B5-C4E3-4200-8E44-98B183DFEE2C}.Release|Any CPU.ActiveCfg = Release|Any CPU
		{ABD7F1B5-C4E3-4200-8E44-98B183DFEE2C}.Release|Any CPU.Build.0 = Release|Any CPU
		{ABD7F1B5-C4E3-4200-8E44-98B183DFEE2C}.Release|x64.ActiveCfg = Release|Any CPU
		{ABD7F1B5-C4E3-4200-8E44-98B183DFEE2C}.Release|x64.Build.0 = Release|Any CPU
		{ABD7F1B5-C4E3-4200-8E44-98B183DFEE2C}.Release|x86.ActiveCfg = Release|Any CPU
		{ABD7F1B5-C4E3-4200-8E44-98B183DFEE2C}.Release|x86.Build.0 = Release|Any CPU
		{EECF4BAA-9C9E-4687-A616-0F5C65C5F14B}.Debug|Any CPU.ActiveCfg = Debug|Any CPU
		{EECF4BAA-9C9E-4687-A616-0F5C65C5F14B}.Debug|Any CPU.Build.0 = Debug|Any CPU
		{EECF4BAA-9C9E-4687-A616-0F5C65C5F14B}.Debug|x64.ActiveCfg = Debug|Any CPU
		{EECF4BAA-9C9E-4687-A616-0F5C65C5F14B}.Debug|x64.Build.0 = Debug|Any CPU
		{EECF4BAA-9C9E-4687-A616-0F5C65C5F14B}.Debug|x86.ActiveCfg = Debug|Any CPU
		{EECF4BAA-9C9E-4687-A616-0F5C65C5F14B}.Debug|x86.Build.0 = Debug|Any CPU
		{EECF4BAA-9C9E-4687-A616-0F5C65C5F14B}.Release|Any CPU.ActiveCfg = Release|Any CPU
		{EECF4BAA-9C9E-4687-A616-0F5C65C5F14B}.Release|Any CPU.Build.0 = Release|Any CPU
		{EECF4BAA-9C9E-4687-A616-0F5C65C5F14B}.Release|x64.ActiveCfg = Release|Any CPU
		{EECF4BAA-9C9E-4687-A616-0F5C65C5F14B}.Release|x64.Build.0 = Release|Any CPU
		{EECF4BAA-9C9E-4687-A616-0F5C65C5F14B}.Release|x86.ActiveCfg = Release|Any CPU
		{EECF4BAA-9C9E-4687-A616-0F5C65C5F14B}.Release|x86.Build.0 = Release|Any CPU
		{7C6FADD7-A0BB-4BF3-8992-3D89ACE1CC69}.Debug|Any CPU.ActiveCfg = Debug|Any CPU
		{7C6FADD7-A0BB-4BF3-8992-3D89ACE1CC69}.Debug|Any CPU.Build.0 = Debug|Any CPU
		{7C6FADD7-A0BB-4BF3-8992-3D89ACE1CC69}.Debug|x64.ActiveCfg = Debug|Any CPU
		{7C6FADD7-A0BB-4BF3-8992-3D89ACE1CC69}.Debug|x64.Build.0 = Debug|Any CPU
		{7C6FADD7-A0BB-4BF3-8992-3D89ACE1CC69}.Debug|x86.ActiveCfg = Debug|Any CPU
		{7C6FADD7-A0BB-4BF3-8992-3D89ACE1CC69}.Debug|x86.Build.0 = Debug|Any CPU
		{7C6FADD7-A0BB-4BF3-8992-3D89ACE1CC69}.Release|Any CPU.ActiveCfg = Release|Any CPU
		{7C6FADD7-A0BB-4BF3-8992-3D89ACE1CC69}.Release|Any CPU.Build.0 = Release|Any CPU
		{7C6FADD7-A0BB-4BF3-8992-3D89ACE1CC69}.Release|x64.ActiveCfg = Release|Any CPU
		{7C6FADD7-A0BB-4BF3-8992-3D89ACE1CC69}.Release|x64.Build.0 = Release|Any CPU
		{7C6FADD7-A0BB-4BF3-8992-3D89ACE1CC69}.Release|x86.ActiveCfg = Release|Any CPU
		{7C6FADD7-A0BB-4BF3-8992-3D89ACE1CC69}.Release|x86.Build.0 = Release|Any CPU
		{3A0D1281-A503-4E5D-9765-D7BF56F89266}.Debug|Any CPU.ActiveCfg = Debug|Any CPU
		{3A0D1281-A503-4E5D-9765-D7BF56F89266}.Debug|Any CPU.Build.0 = Debug|Any CPU
		{3A0D1281-A503-4E5D-9765-D7BF56F89266}.Debug|x64.ActiveCfg = Debug|Any CPU
		{3A0D1281-A503-4E5D-9765-D7BF56F89266}.Debug|x64.Build.0 = Debug|Any CPU
		{3A0D1281-A503-4E5D-9765-D7BF56F89266}.Debug|x86.ActiveCfg = Debug|Any CPU
		{3A0D1281-A503-4E5D-9765-D7BF56F89266}.Debug|x86.Build.0 = Debug|Any CPU
		{3A0D1281-A503-4E5D-9765-D7BF56F89266}.Release|Any CPU.ActiveCfg = Release|Any CPU
		{3A0D1281-A503-4E5D-9765-D7BF56F89266}.Release|Any CPU.Build.0 = Release|Any CPU
		{3A0D1281-A503-4E5D-9765-D7BF56F89266}.Release|x64.ActiveCfg = Release|Any CPU
		{3A0D1281-A503-4E5D-9765-D7BF56F89266}.Release|x64.Build.0 = Release|Any CPU
		{3A0D1281-A503-4E5D-9765-D7BF56F89266}.Release|x86.ActiveCfg = Release|Any CPU
		{3A0D1281-A503-4E5D-9765-D7BF56F89266}.Release|x86.Build.0 = Release|Any CPU
		{264CE110-658D-435E-BBF0-BBC665060E91}.Debug|Any CPU.ActiveCfg = Debug|Any CPU
		{264CE110-658D-435E-BBF0-BBC665060E91}.Debug|Any CPU.Build.0 = Debug|Any CPU
		{264CE110-658D-435E-BBF0-BBC665060E91}.Debug|x64.ActiveCfg = Debug|Any CPU
		{264CE110-658D-435E-BBF0-BBC665060E91}.Debug|x64.Build.0 = Debug|Any CPU
		{264CE110-658D-435E-BBF0-BBC665060E91}.Debug|x86.ActiveCfg = Debug|Any CPU
		{264CE110-658D-435E-BBF0-BBC665060E91}.Debug|x86.Build.0 = Debug|Any CPU
		{264CE110-658D-435E-BBF0-BBC665060E91}.Release|Any CPU.ActiveCfg = Release|Any CPU
		{264CE110-658D-435E-BBF0-BBC665060E91}.Release|Any CPU.Build.0 = Release|Any CPU
		{264CE110-658D-435E-BBF0-BBC665060E91}.Release|x64.ActiveCfg = Release|Any CPU
		{264CE110-658D-435E-BBF0-BBC665060E91}.Release|x64.Build.0 = Release|Any CPU
		{264CE110-658D-435E-BBF0-BBC665060E91}.Release|x86.ActiveCfg = Release|Any CPU
		{264CE110-658D-435E-BBF0-BBC665060E91}.Release|x86.Build.0 = Release|Any CPU
		{1AAD2F27-8AF5-47DD-A9FB-09F229D07513}.Debug|Any CPU.ActiveCfg = Debug|Any CPU
		{1AAD2F27-8AF5-47DD-A9FB-09F229D07513}.Debug|Any CPU.Build.0 = Debug|Any CPU
		{1AAD2F27-8AF5-47DD-A9FB-09F229D07513}.Debug|x64.ActiveCfg = Debug|Any CPU
		{1AAD2F27-8AF5-47DD-A9FB-09F229D07513}.Debug|x64.Build.0 = Debug|Any CPU
		{1AAD2F27-8AF5-47DD-A9FB-09F229D07513}.Debug|x86.ActiveCfg = Debug|Any CPU
		{1AAD2F27-8AF5-47DD-A9FB-09F229D07513}.Debug|x86.Build.0 = Debug|Any CPU
		{1AAD2F27-8AF5-47DD-A9FB-09F229D07513}.Release|Any CPU.ActiveCfg = Release|Any CPU
		{1AAD2F27-8AF5-47DD-A9FB-09F229D07513}.Release|Any CPU.Build.0 = Release|Any CPU
		{1AAD2F27-8AF5-47DD-A9FB-09F229D07513}.Release|x64.ActiveCfg = Release|Any CPU
		{1AAD2F27-8AF5-47DD-A9FB-09F229D07513}.Release|x64.Build.0 = Release|Any CPU
		{1AAD2F27-8AF5-47DD-A9FB-09F229D07513}.Release|x86.ActiveCfg = Release|Any CPU
		{1AAD2F27-8AF5-47DD-A9FB-09F229D07513}.Release|x86.Build.0 = Release|Any CPU
	EndGlobalSection
	GlobalSection(SolutionProperties) = preSolution
		HideSolutionNode = FALSE
	EndGlobalSection
	GlobalSection(NestedProjects) = preSolution
		{4D854645-4E3C-4235-85B1-65EBCD235697} = {3ED8CB94-F888-4777-9DA1-B37FB40E0254}
		{EECF4BAA-9C9E-4687-A616-0F5C65C5F14B} = {DA4CBFCC-395C-4C21-8441-31FB0738E054}
		{DBD0DA4A-0057-4D04-AD69-0E7267D72793} = {DA4CBFCC-395C-4C21-8441-31FB0738E054}
		{20A50E38-1013-41C9-9FE9-3D390DACAB90} = {3ED8CB94-F888-4777-9DA1-B37FB40E0254}
		{7C6FADD7-A0BB-4BF3-8992-3D89ACE1CC69} = {DA4CBFCC-395C-4C21-8441-31FB0738E054}
		{ABD7F1B5-C4E3-4200-8E44-98B183DFEE2C} = {DA4CBFCC-395C-4C21-8441-31FB0738E054}
		{3EDDA55A-573C-4855-B2C6-3D4E0A122E24} = {3ED8CB94-F888-4777-9DA1-B37FB40E0254}
		{906E225D-7C75-4836-BC90-350547238F4E} = {3ED8CB94-F888-4777-9DA1-B37FB40E0254}
		{EC1E2F06-5AF6-42E8-9161-E5B26CEF2C63} = {3ED8CB94-F888-4777-9DA1-B37FB40E0254}
		{8A36E44E-4CF7-48A6-874C-FC770D02D874} = {3ED8CB94-F888-4777-9DA1-B37FB40E0254}
		{A2039EB5-47FF-475E-A2D8-D72AB85099D5} = {3ED8CB94-F888-4777-9DA1-B37FB40E0254}
		{E3565F75-FCFD-4518-9D18-9D1DCB682DEE} = {3ED8CB94-F888-4777-9DA1-B37FB40E0254}
		{A378E499-7414-4366-B3FF-E2267D704E13} = {9D3E097E-CE61-48FE-8183-DD79CCB6081E}
		{7662F8C2-7BFD-442E-A948-A43B4F7EB06E} = {DA4CBFCC-395C-4C21-8441-31FB0738E054}
		{0CB033E8-FA03-4349-8CE0-30A996036CD9} = {3ED8CB94-F888-4777-9DA1-B37FB40E0254}
		{45AE5ED2-589B-422B-98F7-48050B3CE3B8} = {3ED8CB94-F888-4777-9DA1-B37FB40E0254}
		{A6D3FFB6-4148-476A-AE9A-BD78F76DBBAD} = {3ED8CB94-F888-4777-9DA1-B37FB40E0254}
		{62AFF6D3-6D93-4D2E-A412-A3E08D2E269D} = {3ED8CB94-F888-4777-9DA1-B37FB40E0254}
		{3E816E61-9809-4B77-92D9-4AD891EAEAA3} = {3ED8CB94-F888-4777-9DA1-B37FB40E0254}
		{80AEC261-21EE-4E4F-A93B-7A744DC84888} = {DA4CBFCC-395C-4C21-8441-31FB0738E054}
		{B82DD1BA-4EEC-4F29-A686-03D7F0DF39B8} = {DA4CBFCC-395C-4C21-8441-31FB0738E054}
		{BEC7B5E6-0A7B-4824-97A7-EEA04D9EBA29} = {DA4CBFCC-395C-4C21-8441-31FB0738E054}
		{3A0D1281-A503-4E5D-9765-D7BF56F89266} = {DA4CBFCC-395C-4C21-8441-31FB0738E054}
		{264CE110-658D-435E-BBF0-BBC665060E91} = {3ED8CB94-F888-4777-9DA1-B37FB40E0254}
		{1AAD2F27-8AF5-47DD-A9FB-09F229D07513} = {3ED8CB94-F888-4777-9DA1-B37FB40E0254}
	EndGlobalSection
	GlobalSection(ExtensibilityGlobals) = postSolution
		SolutionGuid = {FBF47D74-8A82-4F43-8D42-04E336207C0F}
	EndGlobalSection
EndGlobal
