
Microsoft Visual Studio Solution File, Format Version 12.00
# Visual Studio 15
VisualStudioVersion = 15.0.27130.2036
MinimumVisualStudioVersion = 10.0.40219.1
Project("{FAE04EC0-301F-11D3-BF4B-00C04F79EFBC}") = "ThankYou", "ThankYou\ThankYou.csproj", "{01EEE322-25A2-460E-AF43-E65A91E10816}"
EndProject
Project("{2150E333-8FDC-42A3-9474-1A3956D46DE8}") = "thirdparty", "thirdparty", "{DA4CBFCC-395C-4C21-8441-31FB0738E054}"
EndProject
Project("{FAE04EC0-301F-11D3-BF4B-00C04F79EFBC}") = "UnityStudio", "..\thirdparty\UnityStudioLib\UnityStudioLib\UnityStudio.csproj", "{97696198-D591-4D31-B468-B19834EBB913}"
EndProject
Project("{FAE04EC0-301F-11D3-BF4B-00C04F79EFBC}") = "MltdInfoViewer", "MltdInfoViewer\MltdInfoViewer.csproj", "{4D854645-4E3C-4235-85B1-65EBCD235697}"
EndProject
Project("{2150E333-8FDC-42A3-9474-1A3956D46DE8}") = "Solution Items", "Solution Items", "{9D3E097E-CE61-48FE-8183-DD79CCB6081E}"
	ProjectSection(SolutionItems) = preProject
		..\.gitignore = ..\.gitignore
		..\.gitmodules = ..\.gitmodules
		..\LICENSE.txt = ..\LICENSE.txt
		..\README.md = ..\README.md
	EndProjectSection
EndProject
Project("{FAE04EC0-301F-11D3-BF4B-00C04F79EFBC}") = "ManifestExport", "ManifestExport\ManifestExport.csproj", "{EC93EFEF-913D-491E-AA34-FFCEBCABB305}"
EndProject
Project("{FAE04EC0-301F-11D3-BF4B-00C04F79EFBC}") = "DereTore.Exchange.Archive.ACB", "..\thirdparty\DereTore\Exchange\DereTore.Exchange.Archive.ACB\DereTore.Exchange.Archive.ACB.csproj", "{EECF4BAA-9C9E-4687-A616-0F5C65C5F14B}"
EndProject
Project("{FAE04EC0-301F-11D3-BF4B-00C04F79EFBC}") = "DereTore.Common", "..\thirdparty\DereTore\Common\DereTore.Common\DereTore.Common.csproj", "{DBD0DA4A-0057-4D04-AD69-0E7267D72793}"
EndProject
Project("{2150E333-8FDC-42A3-9474-1A3956D46DE8}") = "src", "src", "{3ED8CB94-F888-4777-9DA1-B37FB40E0254}"
EndProject
Project("{FAE04EC0-301F-11D3-BF4B-00C04F79EFBC}") = "AcbPack", "AcbPack\AcbPack.csproj", "{20A50E38-1013-41C9-9FE9-3D390DACAB90}"
EndProject
Project("{FAE04EC0-301F-11D3-BF4B-00C04F79EFBC}") = "DereTore.Exchange.Audio.HCA", "..\thirdparty\DereTore\Exchange\DereTore.Exchange.Audio.HCA\DereTore.Exchange.Audio.HCA.csproj", "{7C6FADD7-A0BB-4BF3-8992-3D89ACE1CC69}"
EndProject
Project("{FAE04EC0-301F-11D3-BF4B-00C04F79EFBC}") = "DereTore.Common.StarlightStage", "..\thirdparty\DereTore\Common\DereTore.Common.StarlightStage\DereTore.Common.StarlightStage.csproj", "{ABD7F1B5-C4E3-4200-8E44-98B183DFEE2C}"
EndProject
Project("{FAE04EC0-301F-11D3-BF4B-00C04F79EFBC}") = "HcaDec", "HcaDec\HcaDec.csproj", "{3EDDA55A-573C-4855-B2C6-3D4E0A122E24}"
EndProject
Project("{FAE04EC0-301F-11D3-BF4B-00C04F79EFBC}") = "ScenarioEdit", "ScenarioEdit\ScenarioEdit.csproj", "{5EFE84CC-B7AE-4656-8619-6E3A9866DA2D}"
EndProject
Project("{FAE04EC0-301F-11D3-BF4B-00C04F79EFBC}") = "MiriTore.Common", "MiriTore.Common\MiriTore.Common.csproj", "{906E225D-7C75-4836-BC90-350547238F4E}"
EndProject
Project("{FAE04EC0-301F-11D3-BF4B-00C04F79EFBC}") = "MiriTore.Logging", "MiriTore.Logging\MiriTore.Logging.csproj", "{EC1E2F06-5AF6-42E8-9161-E5B26CEF2C63}"
EndProject
Global
	GlobalSection(SolutionConfigurationPlatforms) = preSolution
		Debug|Any CPU = Debug|Any CPU
		Debug|x64 = Debug|x64
		Debug|x86 = Debug|x86
		Release|Any CPU = Release|Any CPU
		Release|x64 = Release|x64
		Release|x86 = Release|x86
	EndGlobalSection
	GlobalSection(ProjectConfigurationPlatforms) = postSolution
		{01EEE322-25A2-460E-AF43-E65A91E10816}.Debug|Any CPU.ActiveCfg = Debug|Any CPU
		{01EEE322-25A2-460E-AF43-E65A91E10816}.Debug|Any CPU.Build.0 = Debug|Any CPU
		{01EEE322-25A2-460E-AF43-E65A91E10816}.Debug|x64.ActiveCfg = Debug|Any CPU
		{01EEE322-25A2-460E-AF43-E65A91E10816}.Debug|x64.Build.0 = Debug|Any CPU
		{01EEE322-25A2-460E-AF43-E65A91E10816}.Debug|x86.ActiveCfg = Debug|Any CPU
		{01EEE322-25A2-460E-AF43-E65A91E10816}.Debug|x86.Build.0 = Debug|Any CPU
		{01EEE322-25A2-460E-AF43-E65A91E10816}.Release|Any CPU.ActiveCfg = Release|Any CPU
		{01EEE322-25A2-460E-AF43-E65A91E10816}.Release|Any CPU.Build.0 = Release|Any CPU
		{01EEE322-25A2-460E-AF43-E65A91E10816}.Release|x64.ActiveCfg = Release|Any CPU
		{01EEE322-25A2-460E-AF43-E65A91E10816}.Release|x64.Build.0 = Release|Any CPU
		{01EEE322-25A2-460E-AF43-E65A91E10816}.Release|x86.ActiveCfg = Release|Any CPU
		{01EEE322-25A2-460E-AF43-E65A91E10816}.Release|x86.Build.0 = Release|Any CPU
		{97696198-D591-4D31-B468-B19834EBB913}.Debug|Any CPU.ActiveCfg = Debug|Any CPU
		{97696198-D591-4D31-B468-B19834EBB913}.Debug|Any CPU.Build.0 = Debug|Any CPU
		{97696198-D591-4D31-B468-B19834EBB913}.Debug|x64.ActiveCfg = Debug|Any CPU
		{97696198-D591-4D31-B468-B19834EBB913}.Debug|x64.Build.0 = Debug|Any CPU
		{97696198-D591-4D31-B468-B19834EBB913}.Debug|x86.ActiveCfg = Debug|Any CPU
		{97696198-D591-4D31-B468-B19834EBB913}.Debug|x86.Build.0 = Debug|Any CPU
		{97696198-D591-4D31-B468-B19834EBB913}.Release|Any CPU.ActiveCfg = Release|Any CPU
		{97696198-D591-4D31-B468-B19834EBB913}.Release|Any CPU.Build.0 = Release|Any CPU
		{97696198-D591-4D31-B468-B19834EBB913}.Release|x64.ActiveCfg = Release|Any CPU
		{97696198-D591-4D31-B468-B19834EBB913}.Release|x64.Build.0 = Release|Any CPU
		{97696198-D591-4D31-B468-B19834EBB913}.Release|x86.ActiveCfg = Release|Any CPU
		{97696198-D591-4D31-B468-B19834EBB913}.Release|x86.Build.0 = Release|Any CPU
		{4D854645-4E3C-4235-85B1-65EBCD235697}.Debug|Any CPU.ActiveCfg = Debug|Any CPU
		{4D854645-4E3C-4235-85B1-65EBCD235697}.Debug|Any CPU.Build.0 = Debug|Any CPU
		{4D854645-4E3C-4235-85B1-65EBCD235697}.Debug|x64.ActiveCfg = Debug|Any CPU
		{4D854645-4E3C-4235-85B1-65EBCD235697}.Debug|x64.Build.0 = Debug|Any CPU
		{4D854645-4E3C-4235-85B1-65EBCD235697}.Debug|x86.ActiveCfg = Debug|Any CPU
		{4D854645-4E3C-4235-85B1-65EBCD235697}.Debug|x86.Build.0 = Debug|Any CPU
		{4D854645-4E3C-4235-85B1-65EBCD235697}.Release|Any CPU.ActiveCfg = Release|Any CPU
		{4D854645-4E3C-4235-85B1-65EBCD235697}.Release|Any CPU.Build.0 = Release|Any CPU
		{4D854645-4E3C-4235-85B1-65EBCD235697}.Release|x64.ActiveCfg = Release|Any CPU
		{4D854645-4E3C-4235-85B1-65EBCD235697}.Release|x64.Build.0 = Release|Any CPU
		{4D854645-4E3C-4235-85B1-65EBCD235697}.Release|x86.ActiveCfg = Release|Any CPU
		{4D854645-4E3C-4235-85B1-65EBCD235697}.Release|x86.Build.0 = Release|Any CPU
		{EC93EFEF-913D-491E-AA34-FFCEBCABB305}.Debug|Any CPU.ActiveCfg = Debug|Any CPU
		{EC93EFEF-913D-491E-AA34-FFCEBCABB305}.Debug|Any CPU.Build.0 = Debug|Any CPU
		{EC93EFEF-913D-491E-AA34-FFCEBCABB305}.Debug|x64.ActiveCfg = Debug|Any CPU
		{EC93EFEF-913D-491E-AA34-FFCEBCABB305}.Debug|x64.Build.0 = Debug|Any CPU
		{EC93EFEF-913D-491E-AA34-FFCEBCABB305}.Debug|x86.ActiveCfg = Debug|Any CPU
		{EC93EFEF-913D-491E-AA34-FFCEBCABB305}.Debug|x86.Build.0 = Debug|Any CPU
		{EC93EFEF-913D-491E-AA34-FFCEBCABB305}.Release|Any CPU.ActiveCfg = Release|Any CPU
		{EC93EFEF-913D-491E-AA34-FFCEBCABB305}.Release|Any CPU.Build.0 = Release|Any CPU
		{EC93EFEF-913D-491E-AA34-FFCEBCABB305}.Release|x64.ActiveCfg = Release|Any CPU
		{EC93EFEF-913D-491E-AA34-FFCEBCABB305}.Release|x64.Build.0 = Release|Any CPU
		{EC93EFEF-913D-491E-AA34-FFCEBCABB305}.Release|x86.ActiveCfg = Release|Any CPU
		{EC93EFEF-913D-491E-AA34-FFCEBCABB305}.Release|x86.Build.0 = Release|Any CPU
		{EECF4BAA-9C9E-4687-A616-0F5C65C5F14B}.Debug|Any CPU.ActiveCfg = Debug|x86
		{EECF4BAA-9C9E-4687-A616-0F5C65C5F14B}.Debug|Any CPU.Build.0 = Debug|x86
		{EECF4BAA-9C9E-4687-A616-0F5C65C5F14B}.Debug|x64.ActiveCfg = Debug|x64
		{EECF4BAA-9C9E-4687-A616-0F5C65C5F14B}.Debug|x64.Build.0 = Debug|x64
		{EECF4BAA-9C9E-4687-A616-0F5C65C5F14B}.Debug|x86.ActiveCfg = Debug|x86
		{EECF4BAA-9C9E-4687-A616-0F5C65C5F14B}.Debug|x86.Build.0 = Debug|x86
		{EECF4BAA-9C9E-4687-A616-0F5C65C5F14B}.Release|Any CPU.ActiveCfg = Release|x86
		{EECF4BAA-9C9E-4687-A616-0F5C65C5F14B}.Release|Any CPU.Build.0 = Release|x86
		{EECF4BAA-9C9E-4687-A616-0F5C65C5F14B}.Release|x64.ActiveCfg = Release|x64
		{EECF4BAA-9C9E-4687-A616-0F5C65C5F14B}.Release|x64.Build.0 = Release|x64
		{EECF4BAA-9C9E-4687-A616-0F5C65C5F14B}.Release|x86.ActiveCfg = Release|x86
		{EECF4BAA-9C9E-4687-A616-0F5C65C5F14B}.Release|x86.Build.0 = Release|x86
		{DBD0DA4A-0057-4D04-AD69-0E7267D72793}.Debug|Any CPU.ActiveCfg = Debug|x86
		{DBD0DA4A-0057-4D04-AD69-0E7267D72793}.Debug|Any CPU.Build.0 = Debug|x86
		{DBD0DA4A-0057-4D04-AD69-0E7267D72793}.Debug|x64.ActiveCfg = Debug|x64
		{DBD0DA4A-0057-4D04-AD69-0E7267D72793}.Debug|x64.Build.0 = Debug|x64
		{DBD0DA4A-0057-4D04-AD69-0E7267D72793}.Debug|x86.ActiveCfg = Debug|x86
		{DBD0DA4A-0057-4D04-AD69-0E7267D72793}.Debug|x86.Build.0 = Debug|x86
		{DBD0DA4A-0057-4D04-AD69-0E7267D72793}.Release|Any CPU.ActiveCfg = Release|x86
		{DBD0DA4A-0057-4D04-AD69-0E7267D72793}.Release|Any CPU.Build.0 = Release|x86
		{DBD0DA4A-0057-4D04-AD69-0E7267D72793}.Release|x64.ActiveCfg = Release|x64
		{DBD0DA4A-0057-4D04-AD69-0E7267D72793}.Release|x64.Build.0 = Release|x64
		{DBD0DA4A-0057-4D04-AD69-0E7267D72793}.Release|x86.ActiveCfg = Release|x86
		{DBD0DA4A-0057-4D04-AD69-0E7267D72793}.Release|x86.Build.0 = Release|x86
		{20A50E38-1013-41C9-9FE9-3D390DACAB90}.Debug|Any CPU.ActiveCfg = Debug|x86
		{20A50E38-1013-41C9-9FE9-3D390DACAB90}.Debug|Any CPU.Build.0 = Debug|x86
		{20A50E38-1013-41C9-9FE9-3D390DACAB90}.Debug|x64.ActiveCfg = Debug|Any CPU
		{20A50E38-1013-41C9-9FE9-3D390DACAB90}.Debug|x64.Build.0 = Debug|Any CPU
		{20A50E38-1013-41C9-9FE9-3D390DACAB90}.Debug|x86.ActiveCfg = Debug|x86
		{20A50E38-1013-41C9-9FE9-3D390DACAB90}.Debug|x86.Build.0 = Debug|x86
		{20A50E38-1013-41C9-9FE9-3D390DACAB90}.Release|Any CPU.ActiveCfg = Release|x86
		{20A50E38-1013-41C9-9FE9-3D390DACAB90}.Release|Any CPU.Build.0 = Release|x86
		{20A50E38-1013-41C9-9FE9-3D390DACAB90}.Release|x64.ActiveCfg = Release|Any CPU
		{20A50E38-1013-41C9-9FE9-3D390DACAB90}.Release|x64.Build.0 = Release|Any CPU
		{20A50E38-1013-41C9-9FE9-3D390DACAB90}.Release|x86.ActiveCfg = Release|x86
		{20A50E38-1013-41C9-9FE9-3D390DACAB90}.Release|x86.Build.0 = Release|x86
		{7C6FADD7-A0BB-4BF3-8992-3D89ACE1CC69}.Debug|Any CPU.ActiveCfg = Debug|x86
		{7C6FADD7-A0BB-4BF3-8992-3D89ACE1CC69}.Debug|Any CPU.Build.0 = Debug|x86
		{7C6FADD7-A0BB-4BF3-8992-3D89ACE1CC69}.Debug|x64.ActiveCfg = Debug|x64
		{7C6FADD7-A0BB-4BF3-8992-3D89ACE1CC69}.Debug|x64.Build.0 = Debug|x64
		{7C6FADD7-A0BB-4BF3-8992-3D89ACE1CC69}.Debug|x86.ActiveCfg = Debug|x86
		{7C6FADD7-A0BB-4BF3-8992-3D89ACE1CC69}.Debug|x86.Build.0 = Debug|x86
		{7C6FADD7-A0BB-4BF3-8992-3D89ACE1CC69}.Release|Any CPU.ActiveCfg = Release|x86
		{7C6FADD7-A0BB-4BF3-8992-3D89ACE1CC69}.Release|Any CPU.Build.0 = Release|x86
		{7C6FADD7-A0BB-4BF3-8992-3D89ACE1CC69}.Release|x64.ActiveCfg = Release|x64
		{7C6FADD7-A0BB-4BF3-8992-3D89ACE1CC69}.Release|x64.Build.0 = Release|x64
		{7C6FADD7-A0BB-4BF3-8992-3D89ACE1CC69}.Release|x86.ActiveCfg = Release|x86
		{7C6FADD7-A0BB-4BF3-8992-3D89ACE1CC69}.Release|x86.Build.0 = Release|x86
		{ABD7F1B5-C4E3-4200-8E44-98B183DFEE2C}.Debug|Any CPU.ActiveCfg = Debug|x86
		{ABD7F1B5-C4E3-4200-8E44-98B183DFEE2C}.Debug|x64.ActiveCfg = Debug|x64
		{ABD7F1B5-C4E3-4200-8E44-98B183DFEE2C}.Debug|x64.Build.0 = Debug|x64
		{ABD7F1B5-C4E3-4200-8E44-98B183DFEE2C}.Debug|x86.ActiveCfg = Debug|x86
		{ABD7F1B5-C4E3-4200-8E44-98B183DFEE2C}.Debug|x86.Build.0 = Debug|x86
		{ABD7F1B5-C4E3-4200-8E44-98B183DFEE2C}.Release|Any CPU.ActiveCfg = Release|x86
		{ABD7F1B5-C4E3-4200-8E44-98B183DFEE2C}.Release|x64.ActiveCfg = Release|x64
		{ABD7F1B5-C4E3-4200-8E44-98B183DFEE2C}.Release|x64.Build.0 = Release|x64
		{ABD7F1B5-C4E3-4200-8E44-98B183DFEE2C}.Release|x86.ActiveCfg = Release|x86
		{ABD7F1B5-C4E3-4200-8E44-98B183DFEE2C}.Release|x86.Build.0 = Release|x86
		{3EDDA55A-573C-4855-B2C6-3D4E0A122E24}.Debug|Any CPU.ActiveCfg = Debug|Any CPU
		{3EDDA55A-573C-4855-B2C6-3D4E0A122E24}.Debug|Any CPU.Build.0 = Debug|Any CPU
		{3EDDA55A-573C-4855-B2C6-3D4E0A122E24}.Debug|x64.ActiveCfg = Debug|Any CPU
		{3EDDA55A-573C-4855-B2C6-3D4E0A122E24}.Debug|x64.Build.0 = Debug|Any CPU
		{3EDDA55A-573C-4855-B2C6-3D4E0A122E24}.Debug|x86.ActiveCfg = Debug|Any CPU
		{3EDDA55A-573C-4855-B2C6-3D4E0A122E24}.Debug|x86.Build.0 = Debug|Any CPU
		{3EDDA55A-573C-4855-B2C6-3D4E0A122E24}.Release|Any CPU.ActiveCfg = Release|Any CPU
		{3EDDA55A-573C-4855-B2C6-3D4E0A122E24}.Release|Any CPU.Build.0 = Release|Any CPU
		{3EDDA55A-573C-4855-B2C6-3D4E0A122E24}.Release|x64.ActiveCfg = Release|Any CPU
		{3EDDA55A-573C-4855-B2C6-3D4E0A122E24}.Release|x64.Build.0 = Release|Any CPU
		{3EDDA55A-573C-4855-B2C6-3D4E0A122E24}.Release|x86.ActiveCfg = Release|Any CPU
		{3EDDA55A-573C-4855-B2C6-3D4E0A122E24}.Release|x86.Build.0 = Release|Any CPU
		{5EFE84CC-B7AE-4656-8619-6E3A9866DA2D}.Debug|Any CPU.ActiveCfg = Debug|Any CPU
		{5EFE84CC-B7AE-4656-8619-6E3A9866DA2D}.Debug|Any CPU.Build.0 = Debug|Any CPU
		{5EFE84CC-B7AE-4656-8619-6E3A9866DA2D}.Debug|x64.ActiveCfg = Debug|Any CPU
		{5EFE84CC-B7AE-4656-8619-6E3A9866DA2D}.Debug|x64.Build.0 = Debug|Any CPU
		{5EFE84CC-B7AE-4656-8619-6E3A9866DA2D}.Debug|x86.ActiveCfg = Debug|Any CPU
		{5EFE84CC-B7AE-4656-8619-6E3A9866DA2D}.Debug|x86.Build.0 = Debug|Any CPU
		{5EFE84CC-B7AE-4656-8619-6E3A9866DA2D}.Release|Any CPU.ActiveCfg = Release|Any CPU
		{5EFE84CC-B7AE-4656-8619-6E3A9866DA2D}.Release|Any CPU.Build.0 = Release|Any CPU
		{5EFE84CC-B7AE-4656-8619-6E3A9866DA2D}.Release|x64.ActiveCfg = Release|Any CPU
		{5EFE84CC-B7AE-4656-8619-6E3A9866DA2D}.Release|x64.Build.0 = Release|Any CPU
		{5EFE84CC-B7AE-4656-8619-6E3A9866DA2D}.Release|x86.ActiveCfg = Release|Any CPU
		{5EFE84CC-B7AE-4656-8619-6E3A9866DA2D}.Release|x86.Build.0 = Release|Any CPU
		{906E225D-7C75-4836-BC90-350547238F4E}.Debug|Any CPU.ActiveCfg = Debug|Any CPU
		{906E225D-7C75-4836-BC90-350547238F4E}.Debug|Any CPU.Build.0 = Debug|Any CPU
		{906E225D-7C75-4836-BC90-350547238F4E}.Debug|x64.ActiveCfg = Debug|Any CPU
		{906E225D-7C75-4836-BC90-350547238F4E}.Debug|x64.Build.0 = Debug|Any CPU
		{906E225D-7C75-4836-BC90-350547238F4E}.Debug|x86.ActiveCfg = Debug|Any CPU
		{906E225D-7C75-4836-BC90-350547238F4E}.Debug|x86.Build.0 = Debug|Any CPU
		{906E225D-7C75-4836-BC90-350547238F4E}.Release|Any CPU.ActiveCfg = Release|Any CPU
		{906E225D-7C75-4836-BC90-350547238F4E}.Release|Any CPU.Build.0 = Release|Any CPU
		{906E225D-7C75-4836-BC90-350547238F4E}.Release|x64.ActiveCfg = Release|Any CPU
		{906E225D-7C75-4836-BC90-350547238F4E}.Release|x64.Build.0 = Release|Any CPU
		{906E225D-7C75-4836-BC90-350547238F4E}.Release|x86.ActiveCfg = Release|Any CPU
		{906E225D-7C75-4836-BC90-350547238F4E}.Release|x86.Build.0 = Release|Any CPU
		{EC1E2F06-5AF6-42E8-9161-E5B26CEF2C63}.Debug|Any CPU.ActiveCfg = Debug|Any CPU
		{EC1E2F06-5AF6-42E8-9161-E5B26CEF2C63}.Debug|Any CPU.Build.0 = Debug|Any CPU
		{EC1E2F06-5AF6-42E8-9161-E5B26CEF2C63}.Debug|x64.ActiveCfg = Debug|Any CPU
		{EC1E2F06-5AF6-42E8-9161-E5B26CEF2C63}.Debug|x64.Build.0 = Debug|Any CPU
		{EC1E2F06-5AF6-42E8-9161-E5B26CEF2C63}.Debug|x86.ActiveCfg = Debug|Any CPU
		{EC1E2F06-5AF6-42E8-9161-E5B26CEF2C63}.Debug|x86.Build.0 = Debug|Any CPU
		{EC1E2F06-5AF6-42E8-9161-E5B26CEF2C63}.Release|Any CPU.ActiveCfg = Release|Any CPU
		{EC1E2F06-5AF6-42E8-9161-E5B26CEF2C63}.Release|Any CPU.Build.0 = Release|Any CPU
		{EC1E2F06-5AF6-42E8-9161-E5B26CEF2C63}.Release|x64.ActiveCfg = Release|Any CPU
		{EC1E2F06-5AF6-42E8-9161-E5B26CEF2C63}.Release|x64.Build.0 = Release|Any CPU
		{EC1E2F06-5AF6-42E8-9161-E5B26CEF2C63}.Release|x86.ActiveCfg = Release|Any CPU
		{EC1E2F06-5AF6-42E8-9161-E5B26CEF2C63}.Release|x86.Build.0 = Release|Any CPU
	EndGlobalSection
	GlobalSection(SolutionProperties) = preSolution
		HideSolutionNode = FALSE
	EndGlobalSection
	GlobalSection(NestedProjects) = preSolution
		{01EEE322-25A2-460E-AF43-E65A91E10816} = {3ED8CB94-F888-4777-9DA1-B37FB40E0254}
		{97696198-D591-4D31-B468-B19834EBB913} = {DA4CBFCC-395C-4C21-8441-31FB0738E054}
		{4D854645-4E3C-4235-85B1-65EBCD235697} = {3ED8CB94-F888-4777-9DA1-B37FB40E0254}
		{EC93EFEF-913D-491E-AA34-FFCEBCABB305} = {3ED8CB94-F888-4777-9DA1-B37FB40E0254}
		{EECF4BAA-9C9E-4687-A616-0F5C65C5F14B} = {DA4CBFCC-395C-4C21-8441-31FB0738E054}
		{DBD0DA4A-0057-4D04-AD69-0E7267D72793} = {DA4CBFCC-395C-4C21-8441-31FB0738E054}
		{20A50E38-1013-41C9-9FE9-3D390DACAB90} = {3ED8CB94-F888-4777-9DA1-B37FB40E0254}
		{7C6FADD7-A0BB-4BF3-8992-3D89ACE1CC69} = {DA4CBFCC-395C-4C21-8441-31FB0738E054}
		{ABD7F1B5-C4E3-4200-8E44-98B183DFEE2C} = {DA4CBFCC-395C-4C21-8441-31FB0738E054}
		{3EDDA55A-573C-4855-B2C6-3D4E0A122E24} = {3ED8CB94-F888-4777-9DA1-B37FB40E0254}
		{5EFE84CC-B7AE-4656-8619-6E3A9866DA2D} = {3ED8CB94-F888-4777-9DA1-B37FB40E0254}
		{906E225D-7C75-4836-BC90-350547238F4E} = {3ED8CB94-F888-4777-9DA1-B37FB40E0254}
		{EC1E2F06-5AF6-42E8-9161-E5B26CEF2C63} = {3ED8CB94-F888-4777-9DA1-B37FB40E0254}
	EndGlobalSection
	GlobalSection(ExtensibilityGlobals) = postSolution
		SolutionGuid = {FBF47D74-8A82-4F43-8D42-04E336207C0F}
	EndGlobalSection
EndGlobal
